Microsoft Visual Studio Solution File, Format Version 12.00
# Visual Studio Version 17
VisualStudioVersion = 17.5.33424.131
MinimumVisualStudioVersion = 10.0.40219.1
Project("{FAE04EC0-301F-11D3-BF4B-00C04F79EFBC}") = "Master", "Master\Master.csproj", "{F15F13B4-6902-49F3-B960-1FC7012A8F1A}"
EndProject
Project("{FAE04EC0-301F-11D3-BF4B-00C04F79EFBC}") = "ScannerA", "ScannerA\ScannerA.csproj", "{EBFDF478-99E8-45E3-A47E-CAC8BEC5186F}"
EndProject
Project("{FAE04EC0-301F-11D3-BF4B-00C04F79EFBC}") = "ScannerB", "ScannerB\ScannerB.csproj", "{AE5CB6E5-10D5-4E01-B296-276C7B985A5D}"
EndProject
Global
	GlobalSection(SolutionConfigurationPlatforms) = preSolution
		Debug|Any CPU = Debug|Any CPU
		Release|Any CPU = Release|Any CPU
	EndGlobalSection
	GlobalSection(ProjectConfigurationPlatforms) = postSolution
		{F15F13B4-6902-49F3-B960-1FC7012A8F1A}.Debug|Any CPU.ActiveCfg = Debug|Any CPU
		{F15F13B4-6902-49F3-B960-1FC7012A8F1A}.Debug|Any CPU.Build.0 = Debug|Any CPU
		{F15F13B4-6902-49F3-B960-1FC7012A8F1A}.Release|Any CPU.ActiveCfg = Release|Any CPU
		{F15F13B4-6902-49F3-B960-1FC7012A8F1A}.Release|Any CPU.Build.0 = Release|Any CPU
		{EBFDF478-99E8-45E3-A47E-CAC8BEC5186F}.Debug|Any CPU.ActiveCfg = Debug|Any CPU
		{EBFDF478-99E8-45E3-A47E-CAC8BEC5186F}.Debug|Any CPU.Build.0 = Debug|Any CPU
		{EBFDF478-99E8-45E3-A47E-CAC8BEC5186F}.Release|Any CPU.ActiveCfg = Release|Any CPU
		{EBFDF478-99E8-45E3-A47E-CAC8BEC5186F}.Release|Any CPU.Build.0 = Release|Any CPU
		{AE5CB6E5-10D5-4E01-B296-276C7B985A5D}.Debug|Any CPU.ActiveCfg = Debug|Any CPU
		{AE5CB6E5-10D5-4E01-B296-276C7B985A5D}.Debug|Any CPU.Build.0 = Debug|Any CPU
		{AE5CB6E5-10D5-4E01-B296-276C7B985A5D}.Release|Any CPU.ActiveCfg = Release|Any CPU
		{AE5CB6E5-10D5-4E01-B296-276C7B985A5D}.Release|Any CPU.Build.0 = Release|Any CPU
	EndGlobalSection
	GlobalSection(SolutionProperties) = preSolution
		HideSolutionNode = FALSE
	EndGlobalSection
EndGlobal
